// !$*UTF8*$!
{
	archiveVersion = 1;
	classes = {
	};
	objectVersion = 50;
	objects = {

/* Begin PBXBuildFile section */
		66E7341821D4D2C200F688B9 /* ACExtensions.h in Headers */ = {isa = PBXBuildFile; fileRef = 66E7341621D4D2C200F688B9 /* ACExtensions.h */; settings = {ATTRIBUTES = (Public, ); }; };
		66E7343A21D4D2FC00F688B9 /* Touch.swift in Sources */ = {isa = PBXBuildFile; fileRef = 66E7341F21D4D2F900F688B9 /* Touch.swift */; };
		66E7343B21D4D2FC00F688B9 /* ProgressBar.swift in Sources */ = {isa = PBXBuildFile; fileRef = 66E7342021D4D2F900F688B9 /* ProgressBar.swift */; };
		66E7343C21D4D2FC00F688B9 /* Date.swift in Sources */ = {isa = PBXBuildFile; fileRef = 66E7342121D4D2F900F688B9 /* Date.swift */; };
		66E7343D21D4D2FC00F688B9 /* StackView.swift in Sources */ = {isa = PBXBuildFile; fileRef = 66E7342221D4D2FA00F688B9 /* StackView.swift */; };
		66E7343E21D4D2FC00F688B9 /* Array.swift in Sources */ = {isa = PBXBuildFile; fileRef = 66E7342321D4D2FA00F688B9 /* Array.swift */; };
		66E7343F21D4D2FC00F688B9 /* Color.swift in Sources */ = {isa = PBXBuildFile; fileRef = 66E7342421D4D2FA00F688B9 /* Color.swift */; };
		66E7344021D4D2FC00F688B9 /* Operators.swift in Sources */ = {isa = PBXBuildFile; fileRef = 66E7342521D4D2FA00F688B9 /* Operators.swift */; };
		66E7344121D4D2FC00F688B9 /* Insets.swift in Sources */ = {isa = PBXBuildFile; fileRef = 66E7342621D4D2FA00F688B9 /* Insets.swift */; };
		66E7344221D4D2FC00F688B9 /* LayoutParams.swift in Sources */ = {isa = PBXBuildFile; fileRef = 66E7342721D4D2FA00F688B9 /* LayoutParams.swift */; };
		66E7344321D4D2FC00F688B9 /* Label.swift in Sources */ = {isa = PBXBuildFile; fileRef = 66E7342821D4D2FA00F688B9 /* Label.swift */; };
		66E7344421D4D2FC00F688B9 /* Image.swift in Sources */ = {isa = PBXBuildFile; fileRef = 66E7342921D4D2FA00F688B9 /* Image.swift */; };
		66E7344521D4D2FC00F688B9 /* Transform.swift in Sources */ = {isa = PBXBuildFile; fileRef = 66E7342A21D4D2FA00F688B9 /* Transform.swift */; };
		66E7344621D4D2FC00F688B9 /* Switch.swift in Sources */ = {isa = PBXBuildFile; fileRef = 66E7342B21D4D2FA00F688B9 /* Switch.swift */; };
		66E7344721D4D2FC00F688B9 /* ImageView.swift in Sources */ = {isa = PBXBuildFile; fileRef = 66E7342C21D4D2FA00F688B9 /* ImageView.swift */; };
		66E7344821D4D2FC00F688B9 /* Activity.swift in Sources */ = {isa = PBXBuildFile; fileRef = 66E7342D21D4D2FB00F688B9 /* Activity.swift */; };
		66E7344921D4D2FC00F688B9 /* Files.swift in Sources */ = {isa = PBXBuildFile; fileRef = 66E7342E21D4D2FB00F688B9 /* Files.swift */; };
		66E7344A21D4D2FC00F688B9 /* Device.swift in Sources */ = {isa = PBXBuildFile; fileRef = 66E7342F21D4D2FB00F688B9 /* Device.swift */; };
		66E7344B21D4D2FC00F688B9 /* Scroll.swift in Sources */ = {isa = PBXBuildFile; fileRef = 66E7343021D4D2FB00F688B9 /* Scroll.swift */; };
		66E7344C21D4D2FC00F688B9 /* Async.swift in Sources */ = {isa = PBXBuildFile; fileRef = 66E7343121D4D2FB00F688B9 /* Async.swift */; };
		66E7344D21D4D2FC00F688B9 /* String.swift in Sources */ = {isa = PBXBuildFile; fileRef = 66E7343221D4D2FB00F688B9 /* String.swift */; };
		66E7344E21D4D2FC00F688B9 /* Delegate.swift in Sources */ = {isa = PBXBuildFile; fileRef = 66E7343321D4D2FB00F688B9 /* Delegate.swift */; };
		66E7344F21D4D2FC00F688B9 /* Toast.swift in Sources */ = {isa = PBXBuildFile; fileRef = 66E7343421D4D2FB00F688B9 /* Toast.swift */; };
		66E7345021D4D2FC00F688B9 /* Font.swift in Sources */ = {isa = PBXBuildFile; fileRef = 66E7343521D4D2FB00F688B9 /* Font.swift */; };
		66E7345121D4D2FC00F688B9 /* View.swift in Sources */ = {isa = PBXBuildFile; fileRef = 66E7343621D4D2FB00F688B9 /* View.swift */; };
		66E7345221D4D2FC00F688B9 /* Point.swift in Sources */ = {isa = PBXBuildFile; fileRef = 66E7343721D4D2FB00F688B9 /* Point.swift */; };
		66E7345321D4D2FC00F688B9 /* Number.swift in Sources */ = {isa = PBXBuildFile; fileRef = 66E7343821D4D2FB00F688B9 /* Number.swift */; };
		66E7345421D4D2FC00F688B9 /* Animation.swift in Sources */ = {isa = PBXBuildFile; fileRef = 66E7343921D4D2FC00F688B9 /* Animation.swift */; };
/* End PBXBuildFile section */

/* Begin PBXFileReference section */
		66E7341321D4D2C200F688B9 /* ACExtensions.framework */ = {isa = PBXFileReference; explicitFileType = wrapper.framework; includeInIndex = 0; path = ACExtensions.framework; sourceTree = BUILT_PRODUCTS_DIR; };
		66E7341621D4D2C200F688B9 /* ACExtensions.h */ = {isa = PBXFileReference; lastKnownFileType = sourcecode.c.h; path = ACExtensions.h; sourceTree = "<group>"; };
		66E7341721D4D2C200F688B9 /* Info.plist */ = {isa = PBXFileReference; lastKnownFileType = text.plist.xml; path = Info.plist; sourceTree = "<group>"; };
		66E7341F21D4D2F900F688B9 /* Touch.swift */ = {isa = PBXFileReference; fileEncoding = 4; lastKnownFileType = sourcecode.swift; path = Touch.swift; sourceTree = "<group>"; };
		66E7342021D4D2F900F688B9 /* ProgressBar.swift */ = {isa = PBXFileReference; fileEncoding = 4; lastKnownFileType = sourcecode.swift; path = ProgressBar.swift; sourceTree = "<group>"; };
		66E7342121D4D2F900F688B9 /* Date.swift */ = {isa = PBXFileReference; fileEncoding = 4; lastKnownFileType = sourcecode.swift; path = Date.swift; sourceTree = "<group>"; };
		66E7342221D4D2FA00F688B9 /* StackView.swift */ = {isa = PBXFileReference; fileEncoding = 4; lastKnownFileType = sourcecode.swift; path = StackView.swift; sourceTree = "<group>"; };
		66E7342321D4D2FA00F688B9 /* Array.swift */ = {isa = PBXFileReference; fileEncoding = 4; lastKnownFileType = sourcecode.swift; path = Array.swift; sourceTree = "<group>"; };
		66E7342421D4D2FA00F688B9 /* Color.swift */ = {isa = PBXFileReference; fileEncoding = 4; lastKnownFileType = sourcecode.swift; path = Color.swift; sourceTree = "<group>"; };
		66E7342521D4D2FA00F688B9 /* Operators.swift */ = {isa = PBXFileReference; fileEncoding = 4; lastKnownFileType = sourcecode.swift; path = Operators.swift; sourceTree = "<group>"; };
		66E7342621D4D2FA00F688B9 /* Insets.swift */ = {isa = PBXFileReference; fileEncoding = 4; lastKnownFileType = sourcecode.swift; path = Insets.swift; sourceTree = "<group>"; };
		66E7342721D4D2FA00F688B9 /* LayoutParams.swift */ = {isa = PBXFileReference; fileEncoding = 4; lastKnownFileType = sourcecode.swift; path = LayoutParams.swift; sourceTree = "<group>"; };
		66E7342821D4D2FA00F688B9 /* Label.swift */ = {isa = PBXFileReference; fileEncoding = 4; lastKnownFileType = sourcecode.swift; path = Label.swift; sourceTree = "<group>"; };
		66E7342921D4D2FA00F688B9 /* Image.swift */ = {isa = PBXFileReference; fileEncoding = 4; lastKnownFileType = sourcecode.swift; path = Image.swift; sourceTree = "<group>"; };
		66E7342A21D4D2FA00F688B9 /* Transform.swift */ = {isa = PBXFileReference; fileEncoding = 4; lastKnownFileType = sourcecode.swift; path = Transform.swift; sourceTree = "<group>"; };
		66E7342B21D4D2FA00F688B9 /* Switch.swift */ = {isa = PBXFileReference; fileEncoding = 4; lastKnownFileType = sourcecode.swift; path = Switch.swift; sourceTree = "<group>"; };
		66E7342C21D4D2FA00F688B9 /* ImageView.swift */ = {isa = PBXFileReference; fileEncoding = 4; lastKnownFileType = sourcecode.swift; path = ImageView.swift; sourceTree = "<group>"; };
		66E7342D21D4D2FB00F688B9 /* Activity.swift */ = {isa = PBXFileReference; fileEncoding = 4; lastKnownFileType = sourcecode.swift; path = Activity.swift; sourceTree = "<group>"; };
		66E7342E21D4D2FB00F688B9 /* Files.swift */ = {isa = PBXFileReference; fileEncoding = 4; lastKnownFileType = sourcecode.swift; path = Files.swift; sourceTree = "<group>"; };
		66E7342F21D4D2FB00F688B9 /* Device.swift */ = {isa = PBXFileReference; fileEncoding = 4; lastKnownFileType = sourcecode.swift; path = Device.swift; sourceTree = "<group>"; };
		66E7343021D4D2FB00F688B9 /* Scroll.swift */ = {isa = PBXFileReference; fileEncoding = 4; lastKnownFileType = sourcecode.swift; path = Scroll.swift; sourceTree = "<group>"; };
		66E7343121D4D2FB00F688B9 /* Async.swift */ = {isa = PBXFileReference; fileEncoding = 4; lastKnownFileType = sourcecode.swift; path = Async.swift; sourceTree = "<group>"; };
		66E7343221D4D2FB00F688B9 /* String.swift */ = {isa = PBXFileReference; fileEncoding = 4; lastKnownFileType = sourcecode.swift; path = String.swift; sourceTree = "<group>"; };
		66E7343321D4D2FB00F688B9 /* Delegate.swift */ = {isa = PBXFileReference; fileEncoding = 4; lastKnownFileType = sourcecode.swift; path = Delegate.swift; sourceTree = "<group>"; };
		66E7343421D4D2FB00F688B9 /* Toast.swift */ = {isa = PBXFileReference; fileEncoding = 4; lastKnownFileType = sourcecode.swift; path = Toast.swift; sourceTree = "<group>"; };
		66E7343521D4D2FB00F688B9 /* Font.swift */ = {isa = PBXFileReference; fileEncoding = 4; lastKnownFileType = sourcecode.swift; path = Font.swift; sourceTree = "<group>"; };
		66E7343621D4D2FB00F688B9 /* View.swift */ = {isa = PBXFileReference; fileEncoding = 4; lastKnownFileType = sourcecode.swift; path = View.swift; sourceTree = "<group>"; };
		66E7343721D4D2FB00F688B9 /* Point.swift */ = {isa = PBXFileReference; fileEncoding = 4; lastKnownFileType = sourcecode.swift; path = Point.swift; sourceTree = "<group>"; };
		66E7343821D4D2FB00F688B9 /* Number.swift */ = {isa = PBXFileReference; fileEncoding = 4; lastKnownFileType = sourcecode.swift; path = Number.swift; sourceTree = "<group>"; };
		66E7343921D4D2FC00F688B9 /* Animation.swift */ = {isa = PBXFileReference; fileEncoding = 4; lastKnownFileType = sourcecode.swift; path = Animation.swift; sourceTree = "<group>"; };
/* End PBXFileReference section */

/* Begin PBXFrameworksBuildPhase section */
		66E7341021D4D2C200F688B9 /* Frameworks */ = {
			isa = PBXFrameworksBuildPhase;
			buildActionMask = 2147483647;
			files = (
			);
			runOnlyForDeploymentPostprocessing = 0;
		};
/* End PBXFrameworksBuildPhase section */

/* Begin PBXGroup section */
		66E7340921D4D2C200F688B9 = {
			isa = PBXGroup;
			children = (
				66E7341521D4D2C200F688B9 /* ACExtensions */,
				66E7341421D4D2C200F688B9 /* Products */,
			);
			sourceTree = "<group>";
		};
		66E7341421D4D2C200F688B9 /* Products */ = {
			isa = PBXGroup;
			children = (
				66E7341321D4D2C200F688B9 /* ACExtensions.framework */,
			);
			name = Products;
			sourceTree = "<group>";
		};
		66E7341521D4D2C200F688B9 /* ACExtensions */ = {
			isa = PBXGroup;
			children = (
				66E7341E21D4D2E400F688B9 /* ACExtensions */,
				66E7341621D4D2C200F688B9 /* ACExtensions.h */,
				66E7341721D4D2C200F688B9 /* Info.plist */,
			);
			path = ACExtensions;
			sourceTree = "<group>";
		};
		66E7341E21D4D2E400F688B9 /* ACExtensions */ = {
			isa = PBXGroup;
			children = (
				66E7342D21D4D2FB00F688B9 /* Activity.swift */,
				66E7343921D4D2FC00F688B9 /* Animation.swift */,
				66E7342321D4D2FA00F688B9 /* Array.swift */,
				66E7343121D4D2FB00F688B9 /* Async.swift */,
				66E7342421D4D2FA00F688B9 /* Color.swift */,
				66E7342121D4D2F900F688B9 /* Date.swift */,
				66E7343321D4D2FB00F688B9 /* Delegate.swift */,
				66E7342F21D4D2FB00F688B9 /* Device.swift */,
				66E7342E21D4D2FB00F688B9 /* Files.swift */,
				66E7343521D4D2FB00F688B9 /* Font.swift */,
				66E7342921D4D2FA00F688B9 /* Image.swift */,
				66E7342C21D4D2FA00F688B9 /* ImageView.swift */,
				66E7342621D4D2FA00F688B9 /* Insets.swift */,
				66E7342821D4D2FA00F688B9 /* Label.swift */,
				66E7342721D4D2FA00F688B9 /* LayoutParams.swift */,
				66E7343821D4D2FB00F688B9 /* Number.swift */,
				66E7342521D4D2FA00F688B9 /* Operators.swift */,
				66E7343721D4D2FB00F688B9 /* Point.swift */,
				66E7342021D4D2F900F688B9 /* ProgressBar.swift */,
				66E7343021D4D2FB00F688B9 /* Scroll.swift */,
				66E7342221D4D2FA00F688B9 /* StackView.swift */,
				66E7343221D4D2FB00F688B9 /* String.swift */,
				66E7342B21D4D2FA00F688B9 /* Switch.swift */,
				66E7343421D4D2FB00F688B9 /* Toast.swift */,
				66E7341F21D4D2F900F688B9 /* Touch.swift */,
				66E7342A21D4D2FA00F688B9 /* Transform.swift */,
				66E7343621D4D2FB00F688B9 /* View.swift */,
			);
			path = ACExtensions;
			sourceTree = "<group>";
		};
/* End PBXGroup section */

/* Begin PBXHeadersBuildPhase section */
		66E7340E21D4D2C200F688B9 /* Headers */ = {
			isa = PBXHeadersBuildPhase;
			buildActionMask = 2147483647;
			files = (
				66E7341821D4D2C200F688B9 /* ACExtensions.h in Headers */,
			);
			runOnlyForDeploymentPostprocessing = 0;
		};
/* End PBXHeadersBuildPhase section */

/* Begin PBXNativeTarget section */
		66E7341221D4D2C200F688B9 /* ACExtensions */ = {
			isa = PBXNativeTarget;
			buildConfigurationList = 66E7341B21D4D2C200F688B9 /* Build configuration list for PBXNativeTarget "ACExtensions" */;
			buildPhases = (
				66E7340E21D4D2C200F688B9 /* Headers */,
				66E7340F21D4D2C200F688B9 /* Sources */,
				66E7341021D4D2C200F688B9 /* Frameworks */,
				66E7341121D4D2C200F688B9 /* Resources */,
			);
			buildRules = (
			);
			dependencies = (
			);
			name = ACExtensions;
			productName = ACExtensions;
			productReference = 66E7341321D4D2C200F688B9 /* ACExtensions.framework */;
			productType = "com.apple.product-type.framework";
		};
/* End PBXNativeTarget section */

/* Begin PBXProject section */
		66E7340A21D4D2C200F688B9 /* Project object */ = {
			isa = PBXProject;
			attributes = {
				LastUpgradeCheck = 1010;
				ORGANIZATIONNAME = "Adam Cobb";
				TargetAttributes = {
					66E7341221D4D2C200F688B9 = {
						CreatedOnToolsVersion = 10.1;
						LastSwiftMigration = 1020;
					};
				};
			};
			buildConfigurationList = 66E7340D21D4D2C200F688B9 /* Build configuration list for PBXProject "ACExtensions" */;
			compatibilityVersion = "Xcode 9.3";
			developmentRegion = en;
			hasScannedForEncodings = 0;
			knownRegions = (
				en,
			);
			mainGroup = 66E7340921D4D2C200F688B9;
			productRefGroup = 66E7341421D4D2C200F688B9 /* Products */;
			projectDirPath = "";
			projectRoot = "";
			targets = (
				66E7341221D4D2C200F688B9 /* ACExtensions */,
			);
		};
/* End PBXProject section */

/* Begin PBXResourcesBuildPhase section */
		66E7341121D4D2C200F688B9 /* Resources */ = {
			isa = PBXResourcesBuildPhase;
			buildActionMask = 2147483647;
			files = (
			);
			runOnlyForDeploymentPostprocessing = 0;
		};
/* End PBXResourcesBuildPhase section */

/* Begin PBXSourcesBuildPhase section */
		66E7340F21D4D2C200F688B9 /* Sources */ = {
			isa = PBXSourcesBuildPhase;
			buildActionMask = 2147483647;
			files = (
				66E7344821D4D2FC00F688B9 /* Activity.swift in Sources */,
				66E7343B21D4D2FC00F688B9 /* ProgressBar.swift in Sources */,
				66E7344D21D4D2FC00F688B9 /* String.swift in Sources */,
				66E7345021D4D2FC00F688B9 /* Font.swift in Sources */,
				66E7344E21D4D2FC00F688B9 /* Delegate.swift in Sources */,
				66E7344B21D4D2FC00F688B9 /* Scroll.swift in Sources */,
				66E7345321D4D2FC00F688B9 /* Number.swift in Sources */,
				66E7345421D4D2FC00F688B9 /* Animation.swift in Sources */,
				66E7343E21D4D2FC00F688B9 /* Array.swift in Sources */,
				66E7344A21D4D2FC00F688B9 /* Device.swift in Sources */,
				66E7345121D4D2FC00F688B9 /* View.swift in Sources */,
				66E7344221D4D2FC00F688B9 /* LayoutParams.swift in Sources */,
				66E7344021D4D2FC00F688B9 /* Operators.swift in Sources */,
				66E7343C21D4D2FC00F688B9 /* Date.swift in Sources */,
				66E7343A21D4D2FC00F688B9 /* Touch.swift in Sources */,
				66E7344121D4D2FC00F688B9 /* Insets.swift in Sources */,
				66E7343D21D4D2FC00F688B9 /* StackView.swift in Sources */,
				66E7344921D4D2FC00F688B9 /* Files.swift in Sources */,
				66E7344621D4D2FC00F688B9 /* Switch.swift in Sources */,
				66E7344321D4D2FC00F688B9 /* Label.swift in Sources */,
				66E7344C21D4D2FC00F688B9 /* Async.swift in Sources */,
				66E7344421D4D2FC00F688B9 /* Image.swift in Sources */,
				66E7344521D4D2FC00F688B9 /* Transform.swift in Sources */,
				66E7345221D4D2FC00F688B9 /* Point.swift in Sources */,
				66E7344F21D4D2FC00F688B9 /* Toast.swift in Sources */,
				66E7344721D4D2FC00F688B9 /* ImageView.swift in Sources */,
				66E7343F21D4D2FC00F688B9 /* Color.swift in Sources */,
			);
			runOnlyForDeploymentPostprocessing = 0;
		};
/* End PBXSourcesBuildPhase section */

/* Begin XCBuildConfiguration section */
		66E7341921D4D2C200F688B9 /* Debug */ = {
			isa = XCBuildConfiguration;
			buildSettings = {
				ALWAYS_SEARCH_USER_PATHS = NO;
				CLANG_ANALYZER_NONNULL = YES;
				CLANG_ANALYZER_NUMBER_OBJECT_CONVERSION = YES_AGGRESSIVE;
				CLANG_CXX_LANGUAGE_STANDARD = "gnu++14";
				CLANG_CXX_LIBRARY = "libc++";
				CLANG_ENABLE_MODULES = YES;
				CLANG_ENABLE_OBJC_ARC = YES;
				CLANG_ENABLE_OBJC_WEAK = YES;
				CLANG_WARN_BLOCK_CAPTURE_AUTORELEASING = YES;
				CLANG_WARN_BOOL_CONVERSION = YES;
				CLANG_WARN_COMMA = YES;
				CLANG_WARN_CONSTANT_CONVERSION = YES;
				CLANG_WARN_DEPRECATED_OBJC_IMPLEMENTATIONS = YES;
				CLANG_WARN_DIRECT_OBJC_ISA_USAGE = YES_ERROR;
				CLANG_WARN_DOCUMENTATION_COMMENTS = YES;
				CLANG_WARN_EMPTY_BODY = YES;
				CLANG_WARN_ENUM_CONVERSION = YES;
				CLANG_WARN_INFINITE_RECURSION = YES;
				CLANG_WARN_INT_CONVERSION = YES;
				CLANG_WARN_NON_LITERAL_NULL_CONVERSION = YES;
				CLANG_WARN_OBJC_IMPLICIT_RETAIN_SELF = YES;
				CLANG_WARN_OBJC_LITERAL_CONVERSION = YES;
				CLANG_WARN_OBJC_ROOT_CLASS = YES_ERROR;
				CLANG_WARN_RANGE_LOOP_ANALYSIS = YES;
				CLANG_WARN_STRICT_PROTOTYPES = YES;
				CLANG_WARN_SUSPICIOUS_MOVE = YES;
				CLANG_WARN_UNGUARDED_AVAILABILITY = YES_AGGRESSIVE;
				CLANG_WARN_UNREACHABLE_CODE = YES;
				CLANG_WARN__DUPLICATE_METHOD_MATCH = YES;
				CODE_SIGN_IDENTITY = "iPhone Developer";
				COPY_PHASE_STRIP = NO;
				CURRENT_PROJECT_VERSION = 1;
				DEBUG_INFORMATION_FORMAT = dwarf;
				ENABLE_STRICT_OBJC_MSGSEND = YES;
				ENABLE_TESTABILITY = YES;
				GCC_C_LANGUAGE_STANDARD = gnu11;
				GCC_DYNAMIC_NO_PIC = NO;
				GCC_NO_COMMON_BLOCKS = YES;
				GCC_OPTIMIZATION_LEVEL = 0;
				GCC_PREPROCESSOR_DEFINITIONS = (
					"DEBUG=1",
					"$(inherited)",
				);
				GCC_WARN_64_TO_32_BIT_CONVERSION = YES;
				GCC_WARN_ABOUT_RETURN_TYPE = YES_ERROR;
				GCC_WARN_UNDECLARED_SELECTOR = YES;
				GCC_WARN_UNINITIALIZED_AUTOS = YES_AGGRESSIVE;
				GCC_WARN_UNUSED_FUNCTION = YES;
				GCC_WARN_UNUSED_VARIABLE = YES;
				IPHONEOS_DEPLOYMENT_TARGET = 12.1;
				MTL_ENABLE_DEBUG_INFO = INCLUDE_SOURCE;
				MTL_FAST_MATH = YES;
				ONLY_ACTIVE_ARCH = YES;
				SDKROOT = iphoneos;
				SWIFT_ACTIVE_COMPILATION_CONDITIONS = DEBUG;
				SWIFT_OPTIMIZATION_LEVEL = "-Onone";
				VERSIONING_SYSTEM = "apple-generic";
				VERSION_INFO_PREFIX = "";
			};
			name = Debug;
		};
		66E7341A21D4D2C200F688B9 /* Release */ = {
			isa = XCBuildConfiguration;
			buildSettings = {
				ALWAYS_SEARCH_USER_PATHS = NO;
				CLANG_ANALYZER_NONNULL = YES;
				CLANG_ANALYZER_NUMBER_OBJECT_CONVERSION = YES_AGGRESSIVE;
				CLANG_CXX_LANGUAGE_STANDARD = "gnu++14";
				CLANG_CXX_LIBRARY = "libc++";
				CLANG_ENABLE_MODULES = YES;
				CLANG_ENABLE_OBJC_ARC = YES;
				CLANG_ENABLE_OBJC_WEAK = YES;
				CLANG_WARN_BLOCK_CAPTURE_AUTORELEASING = YES;
				CLANG_WARN_BOOL_CONVERSION = YES;
				CLANG_WARN_COMMA = YES;
				CLANG_WARN_CONSTANT_CONVERSION = YES;
				CLANG_WARN_DEPRECATED_OBJC_IMPLEMENTATIONS = YES;
				CLANG_WARN_DIRECT_OBJC_ISA_USAGE = YES_ERROR;
				CLANG_WARN_DOCUMENTATION_COMMENTS = YES;
				CLANG_WARN_EMPTY_BODY = YES;
				CLANG_WARN_ENUM_CONVERSION = YES;
				CLANG_WARN_INFINITE_RECURSION = YES;
				CLANG_WARN_INT_CONVERSION = YES;
				CLANG_WARN_NON_LITERAL_NULL_CONVERSION = YES;
				CLANG_WARN_OBJC_IMPLICIT_RETAIN_SELF = YES;
				CLANG_WARN_OBJC_LITERAL_CONVERSION = YES;
				CLANG_WARN_OBJC_ROOT_CLASS = YES_ERROR;
				CLANG_WARN_RANGE_LOOP_ANALYSIS = YES;
				CLANG_WARN_STRICT_PROTOTYPES = YES;
				CLANG_WARN_SUSPICIOUS_MOVE = YES;
				CLANG_WARN_UNGUARDED_AVAILABILITY = YES_AGGRESSIVE;
				CLANG_WARN_UNREACHABLE_CODE = YES;
				CLANG_WARN__DUPLICATE_METHOD_MATCH = YES;
				CODE_SIGN_IDENTITY = "iPhone Developer";
				COPY_PHASE_STRIP = NO;
				CURRENT_PROJECT_VERSION = 1;
				DEBUG_INFORMATION_FORMAT = "dwarf-with-dsym";
				ENABLE_NS_ASSERTIONS = NO;
				ENABLE_STRICT_OBJC_MSGSEND = YES;
				GCC_C_LANGUAGE_STANDARD = gnu11;
				GCC_NO_COMMON_BLOCKS = YES;
				GCC_WARN_64_TO_32_BIT_CONVERSION = YES;
				GCC_WARN_ABOUT_RETURN_TYPE = YES_ERROR;
				GCC_WARN_UNDECLARED_SELECTOR = YES;
				GCC_WARN_UNINITIALIZED_AUTOS = YES_AGGRESSIVE;
				GCC_WARN_UNUSED_FUNCTION = YES;
				GCC_WARN_UNUSED_VARIABLE = YES;
				IPHONEOS_DEPLOYMENT_TARGET = 12.1;
				MTL_ENABLE_DEBUG_INFO = NO;
				MTL_FAST_MATH = YES;
				SDKROOT = iphoneos;
				SWIFT_COMPILATION_MODE = wholemodule;
				SWIFT_OPTIMIZATION_LEVEL = "-O";
				VALIDATE_PRODUCT = YES;
				VERSIONING_SYSTEM = "apple-generic";
				VERSION_INFO_PREFIX = "";
			};
			name = Release;
		};
		66E7341C21D4D2C200F688B9 /* Debug */ = {
			isa = XCBuildConfiguration;
			buildSettings = {
				CLANG_ENABLE_MODULES = YES;
				CODE_SIGN_IDENTITY = "";
				CODE_SIGN_STYLE = Automatic;
				DEFINES_MODULE = YES;
				DYLIB_COMPATIBILITY_VERSION = 1;
				DYLIB_CURRENT_VERSION = 1;
				DYLIB_INSTALL_NAME_BASE = "@rpath";
				INFOPLIST_FILE = ACExtensions/Info.plist;
				INSTALL_PATH = "$(LOCAL_LIBRARY_DIR)/Frameworks";
				IPHONEOS_DEPLOYMENT_TARGET = 11.0;
				LD_RUNPATH_SEARCH_PATHS = (
					"$(inherited)",
					"@executable_path/Frameworks",
					"@loader_path/Frameworks",
				);
				PRODUCT_BUNDLE_IDENTIFIER = com.adamcobb.ACExtensions;
				PRODUCT_NAME = "$(TARGET_NAME:c99extidentifier)";
				SKIP_INSTALL = YES;
				SWIFT_OPTIMIZATION_LEVEL = "-Onone";
				SWIFT_VERSION = 5.0;
				TARGETED_DEVICE_FAMILY = "1,2";
			};
			name = Debug;
		};
		66E7341D21D4D2C200F688B9 /* Release */ = {
			isa = XCBuildConfiguration;
			buildSettings = {
				CLANG_ENABLE_MODULES = YES;
				CODE_SIGN_IDENTITY = "";
				CODE_SIGN_STYLE = Automatic;
				DEFINES_MODULE = YES;
				DYLIB_COMPATIBILITY_VERSION = 1;
				DYLIB_CURRENT_VERSION = 1;
				DYLIB_INSTALL_NAME_BASE = "@rpath";
				INFOPLIST_FILE = ACExtensions/Info.plist;
				INSTALL_PATH = "$(LOCAL_LIBRARY_DIR)/Frameworks";
				IPHONEOS_DEPLOYMENT_TARGET = 11.0;
				LD_RUNPATH_SEARCH_PATHS = (
					"$(inherited)",
					"@executable_path/Frameworks",
					"@loader_path/Frameworks",
				);
				PRODUCT_BUNDLE_IDENTIFIER = com.adamcobb.ACExtensions;
				PRODUCT_NAME = "$(TARGET_NAME:c99extidentifier)";
				SKIP_INSTALL = YES;
				SWIFT_VERSION = 5.0;
				TARGETED_DEVICE_FAMILY = "1,2";
			};
			name = Release;
		};
/* End XCBuildConfiguration section */

/* Begin XCConfigurationList section */
		66E7340D21D4D2C200F688B9 /* Build configuration list for PBXProject "ACExtensions" */ = {
			isa = XCConfigurationList;
			buildConfigurations = (
				66E7341921D4D2C200F688B9 /* Debug */,
				66E7341A21D4D2C200F688B9 /* Release */,
			);
			defaultConfigurationIsVisible = 0;
			defaultConfigurationName = Release;
		};
		66E7341B21D4D2C200F688B9 /* Build configuration list for PBXNativeTarget "ACExtensions" */ = {
			isa = XCConfigurationList;
			buildConfigurations = (
				66E7341C21D4D2C200F688B9 /* Debug */,
				66E7341D21D4D2C200F688B9 /* Release */,
			);
			defaultConfigurationIsVisible = 0;
			defaultConfigurationName = Release;
		};
/* End XCConfigurationList section */
	};
	rootObject = 66E7340A21D4D2C200F688B9 /* Project object */;
}
